
Microsoft Visual Studio Solution File, Format Version 12.00
# Visual Studio Version 16
VisualStudioVersion = 16.0.30717.126
MinimumVisualStudioVersion = 10.0.40219.1
Project("{9A19103F-16F7-4668-BE54-9A1E7A4F7556}") = "SchoolWebApplication", "SchoolWebApplication\SchoolWebApplication.csproj", "{40B1322A-2632-43FA-9698-1D4AE66DBB17}"
EndProject
Project("{9A19103F-16F7-4668-BE54-9A1E7A4F7556}") = "SchoolDAL", "SchoolDAL\SchoolDAL.csproj", "{E3189B95-BE14-4A35-A831-F77AB0192FB3}"
EndProject
Project("{9A19103F-16F7-4668-BE54-9A1E7A4F7556}") = "SchoolBusinessLogic", "SchoolBusinessLogic\SchoolBusinessLogic.csproj", "{6652F761-260C-459F-86A7-BD9917148946}"
EndProject
Global
	GlobalSection(SolutionConfigurationPlatforms) = preSolution
		Debug|Any CPU = Debug|Any CPU
		Release|Any CPU = Release|Any CPU
	EndGlobalSection
	GlobalSection(ProjectConfigurationPlatforms) = postSolution
		{40B1322A-2632-43FA-9698-1D4AE66DBB17}.Debug|Any CPU.ActiveCfg = Debug|Any CPU
		{40B1322A-2632-43FA-9698-1D4AE66DBB17}.Debug|Any CPU.Build.0 = Debug|Any CPU
		{40B1322A-2632-43FA-9698-1D4AE66DBB17}.Release|Any CPU.ActiveCfg = Release|Any CPU
		{40B1322A-2632-43FA-9698-1D4AE66DBB17}.Release|Any CPU.Build.0 = Release|Any CPU
		{E3189B95-BE14-4A35-A831-F77AB0192FB3}.Debug|Any CPU.ActiveCfg = Debug|Any CPU
		{E3189B95-BE14-4A35-A831-F77AB0192FB3}.Debug|Any CPU.Build.0 = Debug|Any CPU
		{E3189B95-BE14-4A35-A831-F77AB0192FB3}.Release|Any CPU.ActiveCfg = Release|Any CPU
		{E3189B95-BE14-4A35-A831-F77AB0192FB3}.Release|Any CPU.Build.0 = Release|Any CPU
		{6652F761-260C-459F-86A7-BD9917148946}.Debug|Any CPU.ActiveCfg = Debug|Any CPU
		{6652F761-260C-459F-86A7-BD9917148946}.Debug|Any CPU.Build.0 = Debug|Any CPU
		{6652F761-260C-459F-86A7-BD9917148946}.Release|Any CPU.ActiveCfg = Release|Any CPU
		{6652F761-260C-459F-86A7-BD9917148946}.Release|Any CPU.Build.0 = Release|Any CPU
	EndGlobalSection
	GlobalSection(SolutionProperties) = preSolution
		HideSolutionNode = FALSE
	EndGlobalSection
	GlobalSection(ExtensibilityGlobals) = postSolution
		SolutionGuid = {900BA0B1-C062-4E45-9E47-C16924B29712}
	EndGlobalSection
EndGlobal
